{
  "name": "ranvier-telnet",
  "version": "1.0.3",
  "lockfileVersion": 3,
  "requires": true,
  "packages": {
    "": {
      "name": "ranvier-telnet",
      "version": "1.0.3",
      "license": "MIT",
      "devDependencies": {
        "mocha": "file:vendor/mocha"
      },
      "engines": {
        "node": ">=7"
      }
    },
    "node_modules/mocha": {
      "resolved": "vendor/mocha",
      "link": true
    },
    "vendor/mocha": {
      "version": "0.0.0-local",
      "dev": true,
      "license": "MIT",
      "bin": {
        "mocha": "bin/mocha.js"
      }
    }
  }
}
